
Microsoft Visual Studio Solution File, Format Version 12.00
# Visual Studio Version 16
VisualStudioVersion = 16.0.31112.23
MinimumVisualStudioVersion = 10.0.40219.1
Project("{9A19103F-16F7-4668-BE54-9A1E7A4F7556}") = "Snap", "Snap\Snap.csproj", "{8434F197-25F8-44CE-8C22-CC1DB4893DF2}"
EndProject
Project("{9A19103F-16F7-4668-BE54-9A1E7A4F7556}") = "SnapTestProject", "SnapTestProject\SnapTestProject.csproj", "{6D7E0EA4-366C-499D-83E4-E69390F2E3F9}"
EndProject
Project("{2150E333-8FDC-42A3-9474-1A3956D46DE8}") = "Solution Items", "Solution Items", "{6E6267DC-9180-41FB-B1AC-5351C0967B60}"
	ProjectSection(SolutionItems) = preProject
		Readme.txt = Readme.txt
	EndProjectSection
EndProject
Global
	GlobalSection(SolutionConfigurationPlatforms) = preSolution
		Debug|Any CPU = Debug|Any CPU
		Release|Any CPU = Release|Any CPU
	EndGlobalSection
	GlobalSection(ProjectConfigurationPlatforms) = postSolution
		{8434F197-25F8-44CE-8C22-CC1DB4893DF2}.Debug|Any CPU.ActiveCfg = Debug|Any CPU
		{8434F197-25F8-44CE-8C22-CC1DB4893DF2}.Debug|Any CPU.Build.0 = Debug|Any CPU
		{8434F197-25F8-44CE-8C22-CC1DB4893DF2}.Release|Any CPU.ActiveCfg = Release|Any CPU
		{8434F197-25F8-44CE-8C22-CC1DB4893DF2}.Release|Any CPU.Build.0 = Release|Any CPU
		{6D7E0EA4-366C-499D-83E4-E69390F2E3F9}.Debug|Any CPU.ActiveCfg = Debug|Any CPU
		{6D7E0EA4-366C-499D-83E4-E69390F2E3F9}.Debug|Any CPU.Build.0 = Debug|Any CPU
		{6D7E0EA4-366C-499D-83E4-E69390F2E3F9}.Release|Any CPU.ActiveCfg = Release|Any CPU
		{6D7E0EA4-366C-499D-83E4-E69390F2E3F9}.Release|Any CPU.Build.0 = Release|Any CPU
	EndGlobalSection
	GlobalSection(SolutionProperties) = preSolution
		HideSolutionNode = FALSE
	EndGlobalSection
	GlobalSection(ExtensibilityGlobals) = postSolution
		SolutionGuid = {5D35D6EE-3DCC-4511-A04C-1307CF6DB6EF}
	EndGlobalSection
EndGlobal
